PODS:
  - BaseNetwork (0.0.1)
  - IQKeyboardManagerSwift (6.5.6)
  - Kingfisher (7.0.0)

DEPENDENCIES:
  - BaseNetwork (from `../Enigma-module`)
  - IQKeyboardManagerSwift
  - Kingfisher (~> 7.0)

SPEC REPOS:
  trunk:
    - IQKeyboardManagerSwift
    - Kingfisher

EXTERNAL SOURCES:
  BaseNetwork:
    :path: "../Enigma-module"

SPEC CHECKSUMS:
  BaseNetwork: 0481e4201b760404e3fc858d6a5419cc12e70068
  IQKeyboardManagerSwift: c7df9d2deb356c04522f5c4b7b6e4ce4d8ed94fe
  Kingfisher: 5efc54fec3980f92354898532e562cc17f31efb4

PODFILE CHECKSUM: c8b54b4b422fda0a0ad7bfe83a735e6e76c9e288

COCOAPODS: 1.11.2
