// !$*UTF8*$!
{
	archiveVersion = 1;
	classes = {
	};
	objectVersion = 55;
	objects = {

/* Begin PBXBuildFile section */
		AAEA4D0627912F63007DD383 /* AppDelegate.swift in Sources */ = {isa = PBXBuildFile; fileRef = AAEA4D0527912F63007DD383 /* AppDelegate.swift */; };
		AAEA4D0827912F63007DD383 /* SceneDelegate.swift in Sources */ = {isa = PBXBuildFile; fileRef = AAEA4D0727912F63007DD383 /* SceneDelegate.swift */; };
		AAEA4D0A27912F63007DD383 /* ViewController.swift in Sources */ = {isa = PBXBuildFile; fileRef = AAEA4D0927912F63007DD383 /* ViewController.swift */; };
		AAEA4D0D27912F63007DD383 /* Main.storyboard in Resources */ = {isa = PBXBuildFile; fileRef = AAEA4D0B27912F63007DD383 /* Main.storyboard */; };
		AAEA4D0F27912F66007DD383 /* Assets.xcassets in Resources */ = {isa = PBXBuildFile; fileRef = AAEA4D0E27912F66007DD383 /* Assets.xcassets */; };
		AAEA4D1227912F66007DD383 /* LaunchScreen.storyboard in Resources */ = {isa = PBXBuildFile; fileRef = AAEA4D1027912F66007DD383 /* LaunchScreen.storyboard */; };
		AAEA4D1D27912F66007DD383 /* SwinjectTestingTests.swift in Sources */ = {isa = PBXBuildFile; fileRef = AAEA4D1C27912F66007DD383 /* SwinjectTestingTests.swift */; };
		AAEA4D2727912F66007DD383 /* SwinjectTestingUITests.swift in Sources */ = {isa = PBXBuildFile; fileRef = AAEA4D2627912F66007DD383 /* SwinjectTestingUITests.swift */; };
		AAEA4D2927912F66007DD383 /* SwinjectTestingUITestsLaunchTests.swift in Sources */ = {isa = PBXBuildFile; fileRef = AAEA4D2827912F66007DD383 /* SwinjectTestingUITestsLaunchTests.swift */; };
		AAEA4D3C2791365C007DD383 /* MyLibrarys in Frameworks */ = {isa = PBXBuildFile; productRef = AAEA4D3B2791365C007DD383 /* MyLibrarys */; };
/* End PBXBuildFile section */

/* Begin PBXContainerItemProxy section */
		AAEA4D1927912F66007DD383 /* PBXContainerItemProxy */ = {
			isa = PBXContainerItemProxy;
			containerPortal = AAEA4CFA27912F63007DD383 /* Project object */;
			proxyType = 1;
			remoteGlobalIDString = AAEA4D0127912F63007DD383;
			remoteInfo = SwinjectTesting;
		};
		AAEA4D2327912F66007DD383 /* PBXContainerItemProxy */ = {
			isa = PBXContainerItemProxy;
			containerPortal = AAEA4CFA27912F63007DD383 /* Project object */;
			proxyType = 1;
			remoteGlobalIDString = AAEA4D0127912F63007DD383;
			remoteInfo = SwinjectTesting;
		};
/* End PBXContainerItemProxy section */

/* Begin PBXFileReference section */
		AAEA4D0227912F63007DD383 /* SwinjectTesting.app */ = {isa = PBXFileReference; explicitFileType = wrapper.application; includeInIndex = 0; path = SwinjectTesting.app; sourceTree = BUILT_PRODUCTS_DIR; };
		AAEA4D0527912F63007DD383 /* AppDelegate.swift */ = {isa = PBXFileReference; lastKnownFileType = sourcecode.swift; path = AppDelegate.swift; sourceTree = "<group>"; };
		AAEA4D0727912F63007DD383 /* SceneDelegate.swift */ = {isa = PBXFileReference; lastKnownFileType = sourcecode.swift; path = SceneDelegate.swift; sourceTree = "<group>"; };
		AAEA4D0927912F63007DD383 /* ViewController.swift */ = {isa = PBXFileReference; lastKnownFileType = sourcecode.swift; path = ViewController.swift; sourceTree = "<group>"; };
		AAEA4D0C27912F63007DD383 /* Base */ = {isa = PBXFileReference; lastKnownFileType = file.storyboard; name = Base; path = Base.lproj/Main.storyboard; sourceTree = "<group>"; };
		AAEA4D0E27912F66007DD383 /* Assets.xcassets */ = {isa = PBXFileReference; lastKnownFileType = folder.assetcatalog; path = Assets.xcassets; sourceTree = "<group>"; };
		AAEA4D1127912F66007DD383 /* Base */ = {isa = PBXFileReference; lastKnownFileType = file.storyboard; name = Base; path = Base.lproj/LaunchScreen.storyboard; sourceTree = "<group>"; };
		AAEA4D1327912F66007DD383 /* Info.plist */ = {isa = PBXFileReference; lastKnownFileType = text.plist.xml; path = Info.plist; sourceTree = "<group>"; };
		AAEA4D1827912F66007DD383 /* SwinjectTestingTests.xctest */ = {isa = PBXFileReference; explicitFileType = wrapper.cfbundle; includeInIndex = 0; path = SwinjectTestingTests.xctest; sourceTree = BUILT_PRODUCTS_DIR; };
		AAEA4D1C27912F66007DD383 /* SwinjectTestingTests.swift */ = {isa = PBXFileReference; lastKnownFileType = sourcecode.swift; path = SwinjectTestingTests.swift; sourceTree = "<group>"; };
		AAEA4D2227912F66007DD383 /* SwinjectTestingUITests.xctest */ = {isa = PBXFileReference; explicitFileType = wrapper.cfbundle; includeInIndex = 0; path = SwinjectTestingUITests.xctest; sourceTree = BUILT_PRODUCTS_DIR; };
		AAEA4D2627912F66007DD383 /* SwinjectTestingUITests.swift */ = {isa = PBXFileReference; lastKnownFileType = sourcecode.swift; path = SwinjectTestingUITests.swift; sourceTree = "<group>"; };
		AAEA4D2827912F66007DD383 /* SwinjectTestingUITestsLaunchTests.swift */ = {isa = PBXFileReference; lastKnownFileType = sourcecode.swift; path = SwinjectTestingUITestsLaunchTests.swift; sourceTree = "<group>"; };
		AAEA4D3927913604007DD383 /* MyLibrarys */ = {isa = PBXFileReference; lastKnownFileType = wrapper; name = MyLibrarys; path = ../MyLibrarys; sourceTree = "<group>"; };
/* End PBXFileReference section */

/* Begin PBXFrameworksBuildPhase section */
		AAEA4CFF27912F63007DD383 /* Frameworks */ = {
			isa = PBXFrameworksBuildPhase;
			buildActionMask = 2147483647;
			files = (
				AAEA4D3C2791365C007DD383 /* MyLibrarys in Frameworks */,
			);
			runOnlyForDeploymentPostprocessing = 0;
		};
		AAEA4D1527912F66007DD383 /* Frameworks */ = {
			isa = PBXFrameworksBuildPhase;
			buildActionMask = 2147483647;
			files = (
			);
			runOnlyForDeploymentPostprocessing = 0;
		};
		AAEA4D1F27912F66007DD383 /* Frameworks */ = {
			isa = PBXFrameworksBuildPhase;
			buildActionMask = 2147483647;
			files = (
			);
			runOnlyForDeploymentPostprocessing = 0;
		};
/* End PBXFrameworksBuildPhase section */

/* Begin PBXGroup section */
		AAEA4CF927912F63007DD383 = {
			isa = PBXGroup;
			children = (
				AAEA4D3627913419007DD383 /* Packages */,
				AAEA4D0427912F63007DD383 /* SwinjectTesting */,
				AAEA4D1B27912F66007DD383 /* SwinjectTestingTests */,
				AAEA4D2527912F66007DD383 /* SwinjectTestingUITests */,
				AAEA4D0327912F63007DD383 /* Products */,
				AAEA4D3A2791365C007DD383 /* Frameworks */,
			);
			sourceTree = "<group>";
		};
		AAEA4D0327912F63007DD383 /* Products */ = {
			isa = PBXGroup;
			children = (
				AAEA4D0227912F63007DD383 /* SwinjectTesting.app */,
				AAEA4D1827912F66007DD383 /* SwinjectTestingTests.xctest */,
				AAEA4D2227912F66007DD383 /* SwinjectTestingUITests.xctest */,
			);
			name = Products;
			sourceTree = "<group>";
		};
		AAEA4D0427912F63007DD383 /* SwinjectTesting */ = {
			isa = PBXGroup;
			children = (
				AAEA4D0527912F63007DD383 /* AppDelegate.swift */,
				AAEA4D0727912F63007DD383 /* SceneDelegate.swift */,
				AAEA4D0927912F63007DD383 /* ViewController.swift */,
				AAEA4D0B27912F63007DD383 /* Main.storyboard */,
				AAEA4D0E27912F66007DD383 /* Assets.xcassets */,
				AAEA4D1027912F66007DD383 /* LaunchScreen.storyboard */,
				AAEA4D1327912F66007DD383 /* Info.plist */,
			);
			path = SwinjectTesting;
			sourceTree = "<group>";
		};
		AAEA4D1B27912F66007DD383 /* SwinjectTestingTests */ = {
			isa = PBXGroup;
			children = (
				AAEA4D1C27912F66007DD383 /* SwinjectTestingTests.swift */,
			);
			path = SwinjectTestingTests;
			sourceTree = "<group>";
		};
		AAEA4D2527912F66007DD383 /* SwinjectTestingUITests */ = {
			isa = PBXGroup;
			children = (
				AAEA4D2627912F66007DD383 /* SwinjectTestingUITests.swift */,
				AAEA4D2827912F66007DD383 /* SwinjectTestingUITestsLaunchTests.swift */,
			);
			path = SwinjectTestingUITests;
			sourceTree = "<group>";
		};
		AAEA4D3627913419007DD383 /* Packages */ = {
			isa = PBXGroup;
			children = (
				AAEA4D3927913604007DD383 /* MyLibrarys */,
			);
			name = Packages;
			sourceTree = "<group>";
		};
		AAEA4D3A2791365C007DD383 /* Frameworks */ = {
			isa = PBXGroup;
			children = (
			);
			name = Frameworks;
			sourceTree = "<group>";
		};
/* End PBXGroup section */

/* Begin PBXNativeTarget section */
		AAEA4D0127912F63007DD383 /* SwinjectTesting */ = {
			isa = PBXNativeTarget;
			buildConfigurationList = AAEA4D2C27912F66007DD383 /* Build configuration list for PBXNativeTarget "SwinjectTesting" */;
			buildPhases = (
				AAEA4CFE27912F63007DD383 /* Sources */,
				AAEA4CFF27912F63007DD383 /* Frameworks */,
				AAEA4D0027912F63007DD383 /* Resources */,
			);
			buildRules = (
			);
			dependencies = (
			);
			name = SwinjectTesting;
			packageProductDependencies = (
				AAEA4D3B2791365C007DD383 /* MyLibrarys */,
			);
			productName = SwinjectTesting;
			productReference = AAEA4D0227912F63007DD383 /* SwinjectTesting.app */;
			productType = "com.apple.product-type.application";
		};
		AAEA4D1727912F66007DD383 /* SwinjectTestingTests */ = {
			isa = PBXNativeTarget;
			buildConfigurationList = AAEA4D2F27912F66007DD383 /* Build configuration list for PBXNativeTarget "SwinjectTestingTests" */;
			buildPhases = (
				AAEA4D1427912F66007DD383 /* Sources */,
				AAEA4D1527912F66007DD383 /* Frameworks */,
				AAEA4D1627912F66007DD383 /* Resources */,
			);
			buildRules = (
			);
			dependencies = (
				AAEA4D1A27912F66007DD383 /* PBXTargetDependency */,
			);
			name = SwinjectTestingTests;
			productName = SwinjectTestingTests;
			productReference = AAEA4D1827912F66007DD383 /* SwinjectTestingTests.xctest */;
			productType = "com.apple.product-type.bundle.unit-test";
		};
		AAEA4D2127912F66007DD383 /* SwinjectTestingUITests */ = {
			isa = PBXNativeTarget;
			buildConfigurationList = AAEA4D3227912F66007DD383 /* Build configuration list for PBXNativeTarget "SwinjectTestingUITests" */;
			buildPhases = (
				AAEA4D1E27912F66007DD383 /* Sources */,
				AAEA4D1F27912F66007DD383 /* Frameworks */,
				AAEA4D2027912F66007DD383 /* Resources */,
			);
			buildRules = (
			);
			dependencies = (
				AAEA4D2427912F66007DD383 /* PBXTargetDependency */,
			);
			name = SwinjectTestingUITests;
			productName = SwinjectTestingUITests;
			productReference = AAEA4D2227912F66007DD383 /* SwinjectTestingUITests.xctest */;
			productType = "com.apple.product-type.bundle.ui-testing";
		};
/* End PBXNativeTarget section */

/* Begin PBXProject section */
		AAEA4CFA27912F63007DD383 /* Project object */ = {
			isa = PBXProject;
			attributes = {
				BuildIndependentTargetsInParallel = 1;
				LastSwiftUpdateCheck = 1320;
				LastUpgradeCheck = 1320;
				TargetAttributes = {
					AAEA4D0127912F63007DD383 = {
						CreatedOnToolsVersion = 13.2.1;
					};
					AAEA4D1727912F66007DD383 = {
						CreatedOnToolsVersion = 13.2.1;
						TestTargetID = AAEA4D0127912F63007DD383;
					};
					AAEA4D2127912F66007DD383 = {
						CreatedOnToolsVersion = 13.2.1;
						TestTargetID = AAEA4D0127912F63007DD383;
					};
				};
			};
			buildConfigurationList = AAEA4CFD27912F63007DD383 /* Build configuration list for PBXProject "SwinjectTesting" */;
			compatibilityVersion = "Xcode 13.0";
			developmentRegion = en;
			hasScannedForEncodings = 0;
			knownRegions = (
				en,
				Base,
			);
			mainGroup = AAEA4CF927912F63007DD383;
			packageReferences = (
			);
			productRefGroup = AAEA4D0327912F63007DD383 /* Products */;
			projectDirPath = "";
			projectRoot = "";
			targets = (
				AAEA4D0127912F63007DD383 /* SwinjectTesting */,
				AAEA4D1727912F66007DD383 /* SwinjectTestingTests */,
				AAEA4D2127912F66007DD383 /* SwinjectTestingUITests */,
			);
		};
/* End PBXProject section */

/* Begin PBXResourcesBuildPhase section */
		AAEA4D0027912F63007DD383 /* Resources */ = {
			isa = PBXResourcesBuildPhase;
			buildActionMask = 2147483647;
			files = (
				AAEA4D1227912F66007DD383 /* LaunchScreen.storyboard in Resources */,
				AAEA4D0F27912F66007DD383 /* Assets.xcassets in Resources */,
				AAEA4D0D27912F63007DD383 /* Main.storyboard in Resources */,
			);
			runOnlyForDeploymentPostprocessing = 0;
		};
		AAEA4D1627912F66007DD383 /* Resources */ = {
			isa = PBXResourcesBuildPhase;
			buildActionMask = 2147483647;
			files = (
			);
			runOnlyForDeploymentPostprocessing = 0;
		};
		AAEA4D2027912F66007DD383 /* Resources */ = {
			isa = PBXResourcesBuildPhase;
			buildActionMask = 2147483647;
			files = (
			);
			runOnlyForDeploymentPostprocessing = 0;
		};
/* End PBXResourcesBuildPhase section */

/* Begin PBXSourcesBuildPhase section */
		AAEA4CFE27912F63007DD383 /* Sources */ = {
			isa = PBXSourcesBuildPhase;
			buildActionMask = 2147483647;
			files = (
				AAEA4D0A27912F63007DD383 /* ViewController.swift in Sources */,
				AAEA4D0627912F63007DD383 /* AppDelegate.swift in Sources */,
				AAEA4D0827912F63007DD383 /* SceneDelegate.swift in Sources */,
			);
			runOnlyForDeploymentPostprocessing = 0;
		};
		AAEA4D1427912F66007DD383 /* Sources */ = {
			isa = PBXSourcesBuildPhase;
			buildActionMask = 2147483647;
			files = (
				AAEA4D1D27912F66007DD383 /* SwinjectTestingTests.swift in Sources */,
			);
			runOnlyForDeploymentPostprocessing = 0;
		};
		AAEA4D1E27912F66007DD383 /* Sources */ = {
			isa = PBXSourcesBuildPhase;
			buildActionMask = 2147483647;
			files = (
				AAEA4D2927912F66007DD383 /* SwinjectTestingUITestsLaunchTests.swift in Sources */,
				AAEA4D2727912F66007DD383 /* SwinjectTestingUITests.swift in Sources */,
			);
			runOnlyForDeploymentPostprocessing = 0;
		};
/* End PBXSourcesBuildPhase section */

/* Begin PBXTargetDependency section */
		AAEA4D1A27912F66007DD383 /* PBXTargetDependency */ = {
			isa = PBXTargetDependency;
			target = AAEA4D0127912F63007DD383 /* SwinjectTesting */;
			targetProxy = AAEA4D1927912F66007DD383 /* PBXContainerItemProxy */;
		};
		AAEA4D2427912F66007DD383 /* PBXTargetDependency */ = {
			isa = PBXTargetDependency;
			target = AAEA4D0127912F63007DD383 /* SwinjectTesting */;
			targetProxy = AAEA4D2327912F66007DD383 /* PBXContainerItemProxy */;
		};
/* End PBXTargetDependency section */

/* Begin PBXVariantGroup section */
		AAEA4D0B27912F63007DD383 /* Main.storyboard */ = {
			isa = PBXVariantGroup;
			children = (
				AAEA4D0C27912F63007DD383 /* Base */,
			);
			name = Main.storyboard;
			sourceTree = "<group>";
		};
		AAEA4D1027912F66007DD383 /* LaunchScreen.storyboard */ = {
			isa = PBXVariantGroup;
			children = (
				AAEA4D1127912F66007DD383 /* Base */,
			);
			name = LaunchScreen.storyboard;
			sourceTree = "<group>";
		};
/* End PBXVariantGroup section */

/* Begin XCBuildConfiguration section */
		AAEA4D2A27912F66007DD383 /* Debug */ = {
			isa = XCBuildConfiguration;
			buildSettings = {
				ALWAYS_SEARCH_USER_PATHS = NO;
				CLANG_ANALYZER_NONNULL = YES;
				CLANG_ANALYZER_NUMBER_OBJECT_CONVERSION = YES_AGGRESSIVE;
				CLANG_CXX_LANGUAGE_STANDARD = "gnu++17";
				CLANG_CXX_LIBRARY = "libc++";
				CLANG_ENABLE_MODULES = YES;
				CLANG_ENABLE_OBJC_ARC = YES;
				CLANG_ENABLE_OBJC_WEAK = YES;
				CLANG_WARN_BLOCK_CAPTURE_AUTORELEASING = YES;
				CLANG_WARN_BOOL_CONVERSION = YES;
				CLANG_WARN_COMMA = YES;
				CLANG_WARN_CONSTANT_CONVERSION = YES;
				CLANG_WARN_DEPRECATED_OBJC_IMPLEMENTATIONS = YES;
				CLANG_WARN_DIRECT_OBJC_ISA_USAGE = YES_ERROR;
				CLANG_WARN_DOCUMENTATION_COMMENTS = YES;
				CLANG_WARN_EMPTY_BODY = YES;
				CLANG_WARN_ENUM_CONVERSION = YES;
				CLANG_WARN_INFINITE_RECURSION = YES;
				CLANG_WARN_INT_CONVERSION = YES;
				CLANG_WARN_NON_LITERAL_NULL_CONVERSION = YES;
				CLANG_WARN_OBJC_IMPLICIT_RETAIN_SELF = YES;
				CLANG_WARN_OBJC_LITERAL_CONVERSION = YES;
				CLANG_WARN_OBJC_ROOT_CLASS = YES_ERROR;
				CLANG_WARN_QUOTED_INCLUDE_IN_FRAMEWORK_HEADER = YES;
				CLANG_WARN_RANGE_LOOP_ANALYSIS = YES;
				CLANG_WARN_STRICT_PROTOTYPES = YES;
				CLANG_WARN_SUSPICIOUS_MOVE = YES;
				CLANG_WARN_UNGUARDED_AVAILABILITY = YES_AGGRESSIVE;
				CLANG_WARN_UNREACHABLE_CODE = YES;
				CLANG_WARN__DUPLICATE_METHOD_MATCH = YES;
				COPY_PHASE_STRIP = NO;
				DEBUG_INFORMATION_FORMAT = dwarf;
				ENABLE_STRICT_OBJC_MSGSEND = YES;
				ENABLE_TESTABILITY = YES;
				GCC_C_LANGUAGE_STANDARD = gnu11;
				GCC_DYNAMIC_NO_PIC = NO;
				GCC_NO_COMMON_BLOCKS = YES;
				GCC_OPTIMIZATION_LEVEL = 0;
				GCC_PREPROCESSOR_DEFINITIONS = (
					"DEBUG=1",
					"$(inherited)",
				);
				GCC_WARN_64_TO_32_BIT_CONVERSION = YES;
				GCC_WARN_ABOUT_RETURN_TYPE = YES_ERROR;
				GCC_WARN_UNDECLARED_SELECTOR = YES;
				GCC_WARN_UNINITIALIZED_AUTOS = YES_AGGRESSIVE;
				GCC_WARN_UNUSED_FUNCTION = YES;
				GCC_WARN_UNUSED_VARIABLE = YES;
				IPHONEOS_DEPLOYMENT_TARGET = 15.2;
				MTL_ENABLE_DEBUG_INFO = INCLUDE_SOURCE;
				MTL_FAST_MATH = YES;
				ONLY_ACTIVE_ARCH = YES;
				SDKROOT = iphoneos;
				SWIFT_ACTIVE_COMPILATION_CONDITIONS = DEBUG;
				SWIFT_OPTIMIZATION_LEVEL = "-Onone";
			};
			name = Debug;
		};
		AAEA4D2B27912F66007DD383 /* Release */ = {
			isa = XCBuildConfiguration;
			buildSettings = {
				ALWAYS_SEARCH_USER_PATHS = NO;
				CLANG_ANALYZER_NONNULL = YES;
				CLANG_ANALYZER_NUMBER_OBJECT_CONVERSION = YES_AGGRESSIVE;
				CLANG_CXX_LANGUAGE_STANDARD = "gnu++17";
				CLANG_CXX_LIBRARY = "libc++";
				CLANG_ENABLE_MODULES = YES;
				CLANG_ENABLE_OBJC_ARC = YES;
				CLANG_ENABLE_OBJC_WEAK = YES;
				CLANG_WARN_BLOCK_CAPTURE_AUTORELEASING = YES;
				CLANG_WARN_BOOL_CONVERSION = YES;
				CLANG_WARN_COMMA = YES;
				CLANG_WARN_CONSTANT_CONVERSION = YES;
				CLANG_WARN_DEPRECATED_OBJC_IMPLEMENTATIONS = YES;
				CLANG_WARN_DIRECT_OBJC_ISA_USAGE = YES_ERROR;
				CLANG_WARN_DOCUMENTATION_COMMENTS = YES;
				CLANG_WARN_EMPTY_BODY = YES;
				CLANG_WARN_ENUM_CONVERSION = YES;
				CLANG_WARN_INFINITE_RECURSION = YES;
				CLANG_WARN_INT_CONVERSION = YES;
				CLANG_WARN_NON_LITERAL_NULL_CONVERSION = YES;
				CLANG_WARN_OBJC_IMPLICIT_RETAIN_SELF = YES;
				CLANG_WARN_OBJC_LITERAL_CONVERSION = YES;
				CLANG_WARN_OBJC_ROOT_CLASS = YES_ERROR;
				CLANG_WARN_QUOTED_INCLUDE_IN_FRAMEWORK_HEADER = YES;
				CLANG_WARN_RANGE_LOOP_ANALYSIS = YES;
				CLANG_WARN_STRICT_PROTOTYPES = YES;
				CLANG_WARN_SUSPICIOUS_MOVE = YES;
				CLANG_WARN_UNGUARDED_AVAILABILITY = YES_AGGRESSIVE;
				CLANG_WARN_UNREACHABLE_CODE = YES;
				CLANG_WARN__DUPLICATE_METHOD_MATCH = YES;
				COPY_PHASE_STRIP = NO;
				DEBUG_INFORMATION_FORMAT = "dwarf-with-dsym";
				ENABLE_NS_ASSERTIONS = NO;
				ENABLE_STRICT_OBJC_MSGSEND = YES;
				GCC_C_LANGUAGE_STANDARD = gnu11;
				GCC_NO_COMMON_BLOCKS = YES;
				GCC_WARN_64_TO_32_BIT_CONVERSION = YES;
				GCC_WARN_ABOUT_RETURN_TYPE = YES_ERROR;
				GCC_WARN_UNDECLARED_SELECTOR = YES;
				GCC_WARN_UNINITIALIZED_AUTOS = YES_AGGRESSIVE;
				GCC_WARN_UNUSED_FUNCTION = YES;
				GCC_WARN_UNUSED_VARIABLE = YES;
				IPHONEOS_DEPLOYMENT_TARGET = 15.2;
				MTL_ENABLE_DEBUG_INFO = NO;
				MTL_FAST_MATH = YES;
				SDKROOT = iphoneos;
				SWIFT_COMPILATION_MODE = wholemodule;
				SWIFT_OPTIMIZATION_LEVEL = "-O";
				VALIDATE_PRODUCT = YES;
			};
			name = Release;
		};
		AAEA4D2D27912F66007DD383 /* Debug */ = {
			isa = XCBuildConfiguration;
			buildSettings = {
				ASSETCATALOG_COMPILER_APPICON_NAME = AppIcon;
				ASSETCATALOG_COMPILER_GLOBAL_ACCENT_COLOR_NAME = AccentColor;
				CODE_SIGN_STYLE = Automatic;
				CURRENT_PROJECT_VERSION = 1;
				GENERATE_INFOPLIST_FILE = YES;
				INFOPLIST_FILE = SwinjectTesting/Info.plist;
				INFOPLIST_KEY_UIApplicationSupportsIndirectInputEvents = YES;
				INFOPLIST_KEY_UILaunchStoryboardName = LaunchScreen;
				INFOPLIST_KEY_UIMainStoryboardFile = Main;
				INFOPLIST_KEY_UISupportedInterfaceOrientations_iPad = "UIInterfaceOrientationPortrait UIInterfaceOrientationPortraitUpsideDown UIInterfaceOrientationLandscapeLeft UIInterfaceOrientationLandscapeRight";
				INFOPLIST_KEY_UISupportedInterfaceOrientations_iPhone = "UIInterfaceOrientationPortrait UIInterfaceOrientationLandscapeLeft UIInterfaceOrientationLandscapeRight";
				LD_RUNPATH_SEARCH_PATHS = (
					"$(inherited)",
					"@executable_path/Frameworks",
				);
				MARKETING_VERSION = 1.0;
				PRODUCT_BUNDLE_IDENTIFIER = com.tommyputranto.SwinjectTesting;
				PRODUCT_NAME = "$(TARGET_NAME)";
				SWIFT_EMIT_LOC_STRINGS = YES;
				SWIFT_VERSION = 5.0;
				TARGETED_DEVICE_FAMILY = 1;
			};
			name = Debug;
		};
		AAEA4D2E27912F66007DD383 /* Release */ = {
			isa = XCBuildConfiguration;
			buildSettings = {
				ASSETCATALOG_COMPILER_APPICON_NAME = AppIcon;
				ASSETCATALOG_COMPILER_GLOBAL_ACCENT_COLOR_NAME = AccentColor;
				CODE_SIGN_STYLE = Automatic;
				CURRENT_PROJECT_VERSION = 1;
				GENERATE_INFOPLIST_FILE = YES;
				INFOPLIST_FILE = SwinjectTesting/Info.plist;
				INFOPLIST_KEY_UIApplicationSupportsIndirectInputEvents = YES;
				INFOPLIST_KEY_UILaunchStoryboardName = LaunchScreen;
				INFOPLIST_KEY_UIMainStoryboardFile = Main;
				INFOPLIST_KEY_UISupportedInterfaceOrientations_iPad = "UIInterfaceOrientationPortrait UIInterfaceOrientationPortraitUpsideDown UIInterfaceOrientationLandscapeLeft UIInterfaceOrientationLandscapeRight";
				INFOPLIST_KEY_UISupportedInterfaceOrientations_iPhone = "UIInterfaceOrientationPortrait UIInterfaceOrientationLandscapeLeft UIInterfaceOrientationLandscapeRight";
				LD_RUNPATH_SEARCH_PATHS = (
					"$(inherited)",
					"@executable_path/Frameworks",
				);
				MARKETING_VERSION = 1.0;
				PRODUCT_BUNDLE_IDENTIFIER = com.tommyputranto.SwinjectTesting;
				PRODUCT_NAME = "$(TARGET_NAME)";
				SWIFT_EMIT_LOC_STRINGS = YES;
				SWIFT_VERSION = 5.0;
				TARGETED_DEVICE_FAMILY = 1;
			};
			name = Release;
		};
		AAEA4D3027912F66007DD383 /* Debug */ = {
			isa = XCBuildConfiguration;
			buildSettings = {
				ALWAYS_EMBED_SWIFT_STANDARD_LIBRARIES = YES;
				BUNDLE_LOADER = "$(TEST_HOST)";
				CODE_SIGN_STYLE = Automatic;
				CURRENT_PROJECT_VERSION = 1;
				GENERATE_INFOPLIST_FILE = YES;
				IPHONEOS_DEPLOYMENT_TARGET = 15.2;
				MARKETING_VERSION = 1.0;
				PRODUCT_BUNDLE_IDENTIFIER = com.tommyputranto.SwinjectTestingTests;
				PRODUCT_NAME = "$(TARGET_NAME)";
				SWIFT_EMIT_LOC_STRINGS = NO;
				SWIFT_VERSION = 5.0;
				TARGETED_DEVICE_FAMILY = "1,2";
				TEST_HOST = "$(BUILT_PRODUCTS_DIR)/SwinjectTesting.app/SwinjectTesting";
			};
			name = Debug;
		};
		AAEA4D3127912F66007DD383 /* Release */ = {
			isa = XCBuildConfiguration;
			buildSettings = {
				ALWAYS_EMBED_SWIFT_STANDARD_LIBRARIES = YES;
				BUNDLE_LOADER = "$(TEST_HOST)";
				CODE_SIGN_STYLE = Automatic;
				CURRENT_PROJECT_VERSION = 1;
				GENERATE_INFOPLIST_FILE = YES;
				IPHONEOS_DEPLOYMENT_TARGET = 15.2;
				MARKETING_VERSION = 1.0;
				PRODUCT_BUNDLE_IDENTIFIER = com.tommyputranto.SwinjectTestingTests;
				PRODUCT_NAME = "$(TARGET_NAME)";
				SWIFT_EMIT_LOC_STRINGS = NO;
				SWIFT_VERSION = 5.0;
				TARGETED_DEVICE_FAMILY = "1,2";
				TEST_HOST = "$(BUILT_PRODUCTS_DIR)/SwinjectTesting.app/SwinjectTesting";
			};
			name = Release;
		};
		AAEA4D3327912F66007DD383 /* Debug */ = {
			isa = XCBuildConfiguration;
			buildSettings = {
				ALWAYS_EMBED_SWIFT_STANDARD_LIBRARIES = YES;
				CODE_SIGN_STYLE = Automatic;
				CURRENT_PROJECT_VERSION = 1;
				GENERATE_INFOPLIST_FILE = YES;
				MARKETING_VERSION = 1.0;
				PRODUCT_BUNDLE_IDENTIFIER = com.tommyputranto.SwinjectTestingUITests;
				PRODUCT_NAME = "$(TARGET_NAME)";
				SWIFT_EMIT_LOC_STRINGS = NO;
				SWIFT_VERSION = 5.0;
				TARGETED_DEVICE_FAMILY = "1,2";
				TEST_TARGET_NAME = SwinjectTesting;
			};
			name = Debug;
		};
		AAEA4D3427912F66007DD383 /* Release */ = {
			isa = XCBuildConfiguration;
			buildSettings = {
				ALWAYS_EMBED_SWIFT_STANDARD_LIBRARIES = YES;
				CODE_SIGN_STYLE = Automatic;
				CURRENT_PROJECT_VERSION = 1;
				GENERATE_INFOPLIST_FILE = YES;
				MARKETING_VERSION = 1.0;
				PRODUCT_BUNDLE_IDENTIFIER = com.tommyputranto.SwinjectTestingUITests;
				PRODUCT_NAME = "$(TARGET_NAME)";
				SWIFT_EMIT_LOC_STRINGS = NO;
				SWIFT_VERSION = 5.0;
				TARGETED_DEVICE_FAMILY = "1,2";
				TEST_TARGET_NAME = SwinjectTesting;
			};
			name = Release;
		};
/* End XCBuildConfiguration section */

/* Begin XCConfigurationList section */
		AAEA4CFD27912F63007DD383 /* Build configuration list for PBXProject "SwinjectTesting" */ = {
			isa = XCConfigurationList;
			buildConfigurations = (
				AAEA4D2A27912F66007DD383 /* Debug */,
				AAEA4D2B27912F66007DD383 /* Release */,
			);
			defaultConfigurationIsVisible = 0;
			defaultConfigurationName = Release;
		};
		AAEA4D2C27912F66007DD383 /* Build configuration list for PBXNativeTarget "SwinjectTesting" */ = {
			isa = XCConfigurationList;
			buildConfigurations = (
				AAEA4D2D27912F66007DD383 /* Debug */,
				AAEA4D2E27912F66007DD383 /* Release */,
			);
			defaultConfigurationIsVisible = 0;
			defaultConfigurationName = Release;
		};
		AAEA4D2F27912F66007DD383 /* Build configuration list for PBXNativeTarget "SwinjectTestingTests" */ = {
			isa = XCConfigurationList;
			buildConfigurations = (
				AAEA4D3027912F66007DD383 /* Debug */,
				AAEA4D3127912F66007DD383 /* Release */,
			);
			defaultConfigurationIsVisible = 0;
			defaultConfigurationName = Release;
		};
		AAEA4D3227912F66007DD383 /* Build configuration list for PBXNativeTarget "SwinjectTestingUITests" */ = {
			isa = XCConfigurationList;
			buildConfigurations = (
				AAEA4D3327912F66007DD383 /* Debug */,
				AAEA4D3427912F66007DD383 /* Release */,
			);
			defaultConfigurationIsVisible = 0;
			defaultConfigurationName = Release;
		};
/* End XCConfigurationList section */

/* Begin XCSwiftPackageProductDependency section */
		AAEA4D3B2791365C007DD383 /* MyLibrarys */ = {
			isa = XCSwiftPackageProductDependency;
			productName = MyLibrarys;
		};
/* End XCSwiftPackageProductDependency section */
	};
	rootObject = AAEA4CFA27912F63007DD383 /* Project object */;
}
