// !$*UTF8*$!
{
	archiveVersion = 1;
	classes = {
	};
	objectVersion = 55;
	objects = {

/* Begin PBXBuildFile section */
		4D489B1DD2AD477D6BA8DBFB /* Pods_EnigmaTests.framework in Frameworks */ = {isa = PBXBuildFile; fileRef = E8512880E53F2CDFDD4CB5BA /* Pods_EnigmaTests.framework */; };
		799C96B2278EC8C1002E5651 /* Background.storyboard in Resources */ = {isa = PBXBuildFile; fileRef = 799C96B1278EC8C1002E5651 /* Background.storyboard */; };
		799C96B4278EC9A1002E5651 /* BackgroundViewController.swift in Sources */ = {isa = PBXBuildFile; fileRef = 799C96B3278EC9A1002E5651 /* BackgroundViewController.swift */; };
		799C96B8278ECB60002E5651 /* AudioViewController.swift in Sources */ = {isa = PBXBuildFile; fileRef = 799C96B6278ECB60002E5651 /* AudioViewController.swift */; };
		799C96B9278ECB60002E5651 /* AudioViewController.xib in Resources */ = {isa = PBXBuildFile; fileRef = 799C96B7278ECB60002E5651 /* AudioViewController.xib */; };
		799C96BE278ECC18002E5651 /* FeelinGood.mp3 in Resources */ = {isa = PBXBuildFile; fileRef = 799C96BB278ECC18002E5651 /* FeelinGood.mp3 */; };
		799C96C4278ECE27002E5651 /* LocationViewController.swift in Sources */ = {isa = PBXBuildFile; fileRef = 799C96C2278ECE27002E5651 /* LocationViewController.swift */; };
		799C96C5278ECE27002E5651 /* LocationViewController.xib in Resources */ = {isa = PBXBuildFile; fileRef = 799C96C3278ECE27002E5651 /* LocationViewController.xib */; };
		AA05DB2927904A28001CEA4A /* Enigma.xcdatamodeld in Sources */ = {isa = PBXBuildFile; fileRef = AA05DB2727904A28001CEA4A /* Enigma.xcdatamodeld */; };
		AA42BD1927886087003056A2 /* BaseCollectionViewCell.swift in Sources */ = {isa = PBXBuildFile; fileRef = AA42BD1727886087003056A2 /* BaseCollectionViewCell.swift */; };
		AA42BD1A27886087003056A2 /* BaseCollectionViewCell.xib in Resources */ = {isa = PBXBuildFile; fileRef = AA42BD1827886087003056A2 /* BaseCollectionViewCell.xib */; };
		AA42BD1E27886283003056A2 /* ContentCollectionViewCell.swift in Sources */ = {isa = PBXBuildFile; fileRef = AA42BD1C27886283003056A2 /* ContentCollectionViewCell.swift */; };
		AA42BD1F27886283003056A2 /* ContentCollectionViewCell.xib in Resources */ = {isa = PBXBuildFile; fileRef = AA42BD1D27886283003056A2 /* ContentCollectionViewCell.xib */; };
		AA42BD2327886517003056A2 /* TrendingCollectionViewCell.swift in Sources */ = {isa = PBXBuildFile; fileRef = AA42BD2127886517003056A2 /* TrendingCollectionViewCell.swift */; };
		AA42BD2427886517003056A2 /* TrendingCollectionViewCell.xib in Resources */ = {isa = PBXBuildFile; fileRef = AA42BD2227886517003056A2 /* TrendingCollectionViewCell.xib */; };
		AA42BD2727886C1B003056A2 /* Host.storyboard in Resources */ = {isa = PBXBuildFile; fileRef = AA42BD2627886C1B003056A2 /* Host.storyboard */; };
		AA42BD2B278C5398003056A2 /* UserDefaultsHelper.swift in Sources */ = {isa = PBXBuildFile; fileRef = AA42BD2A278C5398003056A2 /* UserDefaultsHelper.swift */; };
		AA42BD2E278C570C003056A2 /* Login.swift in Sources */ = {isa = PBXBuildFile; fileRef = AA42BD2D278C570C003056A2 /* Login.swift */; };
		AA8497D527870DE800BA8A7F /* RoundedImageView.swift in Sources */ = {isa = PBXBuildFile; fileRef = AA8497D427870DE800BA8A7F /* RoundedImageView.swift */; };
		AA8497D7278711AF00BA8A7F /* CardView.swift in Sources */ = {isa = PBXBuildFile; fileRef = AA8497D6278711AF00BA8A7F /* CardView.swift */; };
		AA8497DB2787120400BA8A7F /* LoginViewController.swift in Sources */ = {isa = PBXBuildFile; fileRef = AA8497D92787120400BA8A7F /* LoginViewController.swift */; };
		AA8497DC2787120400BA8A7F /* LoginViewController.xib in Resources */ = {isa = PBXBuildFile; fileRef = AA8497DA2787120400BA8A7F /* LoginViewController.xib */; };
		AA8497DF27871B6100BA8A7F /* Navigation+Extension.swift in Sources */ = {isa = PBXBuildFile; fileRef = AA8497DE27871B6100BA8A7F /* Navigation+Extension.swift */; };
		AA92C897278FDFEA00C6090E /* ListData.storyboard in Resources */ = {isa = PBXBuildFile; fileRef = AA92C896278FDFEA00C6090E /* ListData.storyboard */; };
		AA92C899278FE00400C6090E /* ListDataViewController.swift in Sources */ = {isa = PBXBuildFile; fileRef = AA92C898278FE00400C6090E /* ListDataViewController.swift */; };
		AA92C89C278FFFCB00C6090E /* Enigma.xcdatamodeld in Sources */ = {isa = PBXBuildFile; fileRef = AA92C89A278FFFCA00C6090E /* Enigma.xcdatamodeld */; };
		AAD552C82784629400F30A7F /* AppDelegate.swift in Sources */ = {isa = PBXBuildFile; fileRef = AAD552C72784629400F30A7F /* AppDelegate.swift */; };
		AAD552CA2784629400F30A7F /* SceneDelegate.swift in Sources */ = {isa = PBXBuildFile; fileRef = AAD552C92784629400F30A7F /* SceneDelegate.swift */; };
		AAD552CC2784629400F30A7F /* ViewController.swift in Sources */ = {isa = PBXBuildFile; fileRef = AAD552CB2784629400F30A7F /* ViewController.swift */; };
		AAD552CF2784629400F30A7F /* Main.storyboard in Resources */ = {isa = PBXBuildFile; fileRef = AAD552CD2784629400F30A7F /* Main.storyboard */; };
		AAD552D12784629500F30A7F /* Assets.xcassets in Resources */ = {isa = PBXBuildFile; fileRef = AAD552D02784629500F30A7F /* Assets.xcassets */; };
		AAD552D42784629500F30A7F /* LaunchScreen.storyboard in Resources */ = {isa = PBXBuildFile; fileRef = AAD552D22784629500F30A7F /* LaunchScreen.storyboard */; };
		AAD552DF2784629500F30A7F /* EnigmaTests.swift in Sources */ = {isa = PBXBuildFile; fileRef = AAD552DE2784629500F30A7F /* EnigmaTests.swift */; };
		AAD552F927846AAB00F30A7F /* HomeContainerViewController.swift in Sources */ = {isa = PBXBuildFile; fileRef = AAD552F827846AAB00F30A7F /* HomeContainerViewController.swift */; };
		AAD552FD27846D2100F30A7F /* HomeViewCell.swift in Sources */ = {isa = PBXBuildFile; fileRef = AAD552FB27846D2100F30A7F /* HomeViewCell.swift */; };
		AAD552FE27846D2100F30A7F /* HomeViewCell.xib in Resources */ = {isa = PBXBuildFile; fileRef = AAD552FC27846D2100F30A7F /* HomeViewCell.xib */; };
		AAD55300278475CC00F30A7F /* HostContainerViewController.swift in Sources */ = {isa = PBXBuildFile; fileRef = AAD552FF278475CC00F30A7F /* HostContainerViewController.swift */; };
		AAD553032784764100F30A7F /* Home.storyboard in Resources */ = {isa = PBXBuildFile; fileRef = AAD553022784764100F30A7F /* Home.storyboard */; };
		AAD553072784775C00F30A7F /* HostViewController.swift in Sources */ = {isa = PBXBuildFile; fileRef = AAD553052784775C00F30A7F /* HostViewController.swift */; };
		AAD553082784775C00F30A7F /* HostViewController.xib in Resources */ = {isa = PBXBuildFile; fileRef = AAD553062784775C00F30A7F /* HostViewController.xib */; };
		AAD5530A2784793100F30A7F /* SaveContainerViewController.swift in Sources */ = {isa = PBXBuildFile; fileRef = AAD553092784793100F30A7F /* SaveContainerViewController.swift */; };
		AAD5530E2784795E00F30A7F /* SaveViewController.swift in Sources */ = {isa = PBXBuildFile; fileRef = AAD5530C2784795E00F30A7F /* SaveViewController.swift */; };
		AAD5530F2784795E00F30A7F /* SaveViewController.xib in Resources */ = {isa = PBXBuildFile; fileRef = AAD5530D2784795E00F30A7F /* SaveViewController.xib */; };
		AAD553152785BCCF00F30A7F /* NewsViewCell.swift in Sources */ = {isa = PBXBuildFile; fileRef = AAD553132785BCCF00F30A7F /* NewsViewCell.swift */; };
		AAD553162785BCCF00F30A7F /* NewsViewCell.xib in Resources */ = {isa = PBXBuildFile; fileRef = AAD553142785BCCF00F30A7F /* NewsViewCell.xib */; };
		AAD5531A2785BE9A00F30A7F /* HeaderTableView.swift in Sources */ = {isa = PBXBuildFile; fileRef = AAD553192785BE9A00F30A7F /* HeaderTableView.swift */; };
		AAD5531C2785BEAF00F30A7F /* HeaderTableView.xib in Resources */ = {isa = PBXBuildFile; fileRef = AAD5531B2785BEAF00F30A7F /* HeaderTableView.xib */; };
		AAD553202785C0FE00F30A7F /* HostViewCell.swift in Sources */ = {isa = PBXBuildFile; fileRef = AAD5531E2785C0FE00F30A7F /* HostViewCell.swift */; };
		AAD553212785C0FE00F30A7F /* HostViewCell.xib in Resources */ = {isa = PBXBuildFile; fileRef = AAD5531F2785C0FE00F30A7F /* HostViewCell.xib */; };
		CAA15BF371D6EA3EBFD8584B /* Pods_Enigma.framework in Frameworks */ = {isa = PBXBuildFile; fileRef = 666012C167E82C53304B004F /* Pods_Enigma.framework */; };
/* End PBXBuildFile section */

/* Begin PBXContainerItemProxy section */
		AAD552DB2784629500F30A7F /* PBXContainerItemProxy */ = {
			isa = PBXContainerItemProxy;
			containerPortal = AAD552BC2784629400F30A7F /* Project object */;
			proxyType = 1;
			remoteGlobalIDString = AAD552C32784629400F30A7F;
			remoteInfo = Enigma;
		};
/* End PBXContainerItemProxy section */

/* Begin PBXFileReference section */
		0E59401AF836F3C1C702BEA8 /* Pods-Enigma.release.xcconfig */ = {isa = PBXFileReference; includeInIndex = 1; lastKnownFileType = text.xcconfig; name = "Pods-Enigma.release.xcconfig"; path = "Target Support Files/Pods-Enigma/Pods-Enigma.release.xcconfig"; sourceTree = "<group>"; };
		58007755D0599A78FAFC186A /* Pods-EnigmaTests.release.xcconfig */ = {isa = PBXFileReference; includeInIndex = 1; lastKnownFileType = text.xcconfig; name = "Pods-EnigmaTests.release.xcconfig"; path = "Target Support Files/Pods-EnigmaTests/Pods-EnigmaTests.release.xcconfig"; sourceTree = "<group>"; };
		666012C167E82C53304B004F /* Pods_Enigma.framework */ = {isa = PBXFileReference; explicitFileType = wrapper.framework; includeInIndex = 0; path = Pods_Enigma.framework; sourceTree = BUILT_PRODUCTS_DIR; };
		799C96B1278EC8C1002E5651 /* Background.storyboard */ = {isa = PBXFileReference; lastKnownFileType = file.storyboard; path = Background.storyboard; sourceTree = "<group>"; };
		799C96B3278EC9A1002E5651 /* BackgroundViewController.swift */ = {isa = PBXFileReference; lastKnownFileType = sourcecode.swift; path = BackgroundViewController.swift; sourceTree = "<group>"; };
		799C96B6278ECB60002E5651 /* AudioViewController.swift */ = {isa = PBXFileReference; lastKnownFileType = sourcecode.swift; path = AudioViewController.swift; sourceTree = "<group>"; };
		799C96B7278ECB60002E5651 /* AudioViewController.xib */ = {isa = PBXFileReference; lastKnownFileType = file.xib; path = AudioViewController.xib; sourceTree = "<group>"; };
		799C96BB278ECC18002E5651 /* FeelinGood.mp3 */ = {isa = PBXFileReference; lastKnownFileType = audio.mp3; path = FeelinGood.mp3; sourceTree = "<group>"; };
		799C96C2278ECE27002E5651 /* LocationViewController.swift */ = {isa = PBXFileReference; lastKnownFileType = sourcecode.swift; path = LocationViewController.swift; sourceTree = "<group>"; };
		799C96C3278ECE27002E5651 /* LocationViewController.xib */ = {isa = PBXFileReference; lastKnownFileType = file.xib; path = LocationViewController.xib; sourceTree = "<group>"; };
		8A993F07F1EB83620CAA2257 /* Pods-EnigmaTests.debug.xcconfig */ = {isa = PBXFileReference; includeInIndex = 1; lastKnownFileType = text.xcconfig; name = "Pods-EnigmaTests.debug.xcconfig"; path = "Target Support Files/Pods-EnigmaTests/Pods-EnigmaTests.debug.xcconfig"; sourceTree = "<group>"; };
		AA05DB2827904A28001CEA4A /* Enigma.xcdatamodel */ = {isa = PBXFileReference; lastKnownFileType = wrapper.xcdatamodel; path = Enigma.xcdatamodel; sourceTree = "<group>"; };
		AA42BD1727886087003056A2 /* BaseCollectionViewCell.swift */ = {isa = PBXFileReference; lastKnownFileType = sourcecode.swift; path = BaseCollectionViewCell.swift; sourceTree = "<group>"; };
		AA42BD1827886087003056A2 /* BaseCollectionViewCell.xib */ = {isa = PBXFileReference; lastKnownFileType = file.xib; path = BaseCollectionViewCell.xib; sourceTree = "<group>"; };
		AA42BD1C27886283003056A2 /* ContentCollectionViewCell.swift */ = {isa = PBXFileReference; lastKnownFileType = sourcecode.swift; path = ContentCollectionViewCell.swift; sourceTree = "<group>"; };
		AA42BD1D27886283003056A2 /* ContentCollectionViewCell.xib */ = {isa = PBXFileReference; lastKnownFileType = file.xib; path = ContentCollectionViewCell.xib; sourceTree = "<group>"; };
		AA42BD2127886517003056A2 /* TrendingCollectionViewCell.swift */ = {isa = PBXFileReference; lastKnownFileType = sourcecode.swift; path = TrendingCollectionViewCell.swift; sourceTree = "<group>"; };
		AA42BD2227886517003056A2 /* TrendingCollectionViewCell.xib */ = {isa = PBXFileReference; lastKnownFileType = file.xib; path = TrendingCollectionViewCell.xib; sourceTree = "<group>"; };
		AA42BD2627886C1B003056A2 /* Host.storyboard */ = {isa = PBXFileReference; lastKnownFileType = file.storyboard; path = Host.storyboard; sourceTree = "<group>"; };
		AA42BD2A278C5398003056A2 /* UserDefaultsHelper.swift */ = {isa = PBXFileReference; lastKnownFileType = sourcecode.swift; path = UserDefaultsHelper.swift; sourceTree = "<group>"; };
		AA42BD2D278C570C003056A2 /* Login.swift */ = {isa = PBXFileReference; lastKnownFileType = sourcecode.swift; path = Login.swift; sourceTree = "<group>"; };
		AA8497D427870DE800BA8A7F /* RoundedImageView.swift */ = {isa = PBXFileReference; lastKnownFileType = sourcecode.swift; path = RoundedImageView.swift; sourceTree = "<group>"; };
		AA8497D6278711AF00BA8A7F /* CardView.swift */ = {isa = PBXFileReference; lastKnownFileType = sourcecode.swift; path = CardView.swift; sourceTree = "<group>"; };
		AA8497D92787120400BA8A7F /* LoginViewController.swift */ = {isa = PBXFileReference; lastKnownFileType = sourcecode.swift; path = LoginViewController.swift; sourceTree = "<group>"; };
		AA8497DA2787120400BA8A7F /* LoginViewController.xib */ = {isa = PBXFileReference; lastKnownFileType = file.xib; path = LoginViewController.xib; sourceTree = "<group>"; };
		AA8497DE27871B6100BA8A7F /* Navigation+Extension.swift */ = {isa = PBXFileReference; lastKnownFileType = sourcecode.swift; path = "Navigation+Extension.swift"; sourceTree = "<group>"; };
		AA92C896278FDFEA00C6090E /* ListData.storyboard */ = {isa = PBXFileReference; lastKnownFileType = file.storyboard; path = ListData.storyboard; sourceTree = "<group>"; };
		AA92C898278FE00400C6090E /* ListDataViewController.swift */ = {isa = PBXFileReference; lastKnownFileType = sourcecode.swift; path = ListDataViewController.swift; sourceTree = "<group>"; };
		AA92C89B278FFFCB00C6090E /* Enigma.xcdatamodel */ = {isa = PBXFileReference; lastKnownFileType = wrapper.xcdatamodel; path = Enigma.xcdatamodel; sourceTree = "<group>"; };
		AAD552C42784629400F30A7F /* Enigma.app */ = {isa = PBXFileReference; explicitFileType = wrapper.application; includeInIndex = 0; path = Enigma.app; sourceTree = BUILT_PRODUCTS_DIR; };
		AAD552C72784629400F30A7F /* AppDelegate.swift */ = {isa = PBXFileReference; lastKnownFileType = sourcecode.swift; path = AppDelegate.swift; sourceTree = "<group>"; };
		AAD552C92784629400F30A7F /* SceneDelegate.swift */ = {isa = PBXFileReference; lastKnownFileType = sourcecode.swift; path = SceneDelegate.swift; sourceTree = "<group>"; };
		AAD552CB2784629400F30A7F /* ViewController.swift */ = {isa = PBXFileReference; lastKnownFileType = sourcecode.swift; path = ViewController.swift; sourceTree = "<group>"; };
		AAD552CE2784629400F30A7F /* Base */ = {isa = PBXFileReference; lastKnownFileType = file.storyboard; name = Base; path = Base.lproj/Main.storyboard; sourceTree = "<group>"; };
		AAD552D02784629500F30A7F /* Assets.xcassets */ = {isa = PBXFileReference; lastKnownFileType = folder.assetcatalog; path = Assets.xcassets; sourceTree = "<group>"; };
		AAD552D32784629500F30A7F /* Base */ = {isa = PBXFileReference; lastKnownFileType = file.storyboard; name = Base; path = Base.lproj/LaunchScreen.storyboard; sourceTree = "<group>"; };
		AAD552D52784629500F30A7F /* Info.plist */ = {isa = PBXFileReference; lastKnownFileType = text.plist.xml; path = Info.plist; sourceTree = "<group>"; };
		AAD552DA2784629500F30A7F /* EnigmaTests.xctest */ = {isa = PBXFileReference; explicitFileType = wrapper.cfbundle; includeInIndex = 0; path = EnigmaTests.xctest; sourceTree = BUILT_PRODUCTS_DIR; };
		AAD552DE2784629500F30A7F /* EnigmaTests.swift */ = {isa = PBXFileReference; lastKnownFileType = sourcecode.swift; path = EnigmaTests.swift; sourceTree = "<group>"; };
		AAD552F827846AAB00F30A7F /* HomeContainerViewController.swift */ = {isa = PBXFileReference; lastKnownFileType = sourcecode.swift; path = HomeContainerViewController.swift; sourceTree = "<group>"; };
		AAD552FB27846D2100F30A7F /* HomeViewCell.swift */ = {isa = PBXFileReference; lastKnownFileType = sourcecode.swift; path = HomeViewCell.swift; sourceTree = "<group>"; };
		AAD552FC27846D2100F30A7F /* HomeViewCell.xib */ = {isa = PBXFileReference; lastKnownFileType = file.xib; path = HomeViewCell.xib; sourceTree = "<group>"; };
		AAD552FF278475CC00F30A7F /* HostContainerViewController.swift */ = {isa = PBXFileReference; lastKnownFileType = sourcecode.swift; path = HostContainerViewController.swift; sourceTree = "<group>"; };
		AAD553022784764100F30A7F /* Home.storyboard */ = {isa = PBXFileReference; lastKnownFileType = file.storyboard; path = Home.storyboard; sourceTree = "<group>"; };
		AAD553052784775C00F30A7F /* HostViewController.swift */ = {isa = PBXFileReference; lastKnownFileType = sourcecode.swift; path = HostViewController.swift; sourceTree = "<group>"; };
		AAD553062784775C00F30A7F /* HostViewController.xib */ = {isa = PBXFileReference; lastKnownFileType = file.xib; path = HostViewController.xib; sourceTree = "<group>"; };
		AAD553092784793100F30A7F /* SaveContainerViewController.swift */ = {isa = PBXFileReference; lastKnownFileType = sourcecode.swift; path = SaveContainerViewController.swift; sourceTree = "<group>"; };
		AAD5530C2784795E00F30A7F /* SaveViewController.swift */ = {isa = PBXFileReference; lastKnownFileType = sourcecode.swift; path = SaveViewController.swift; sourceTree = "<group>"; };
		AAD5530D2784795E00F30A7F /* SaveViewController.xib */ = {isa = PBXFileReference; lastKnownFileType = file.xib; path = SaveViewController.xib; sourceTree = "<group>"; };
		AAD553132785BCCF00F30A7F /* NewsViewCell.swift */ = {isa = PBXFileReference; lastKnownFileType = sourcecode.swift; path = NewsViewCell.swift; sourceTree = "<group>"; };
		AAD553142785BCCF00F30A7F /* NewsViewCell.xib */ = {isa = PBXFileReference; lastKnownFileType = file.xib; path = NewsViewCell.xib; sourceTree = "<group>"; };
		AAD553192785BE9A00F30A7F /* HeaderTableView.swift */ = {isa = PBXFileReference; lastKnownFileType = sourcecode.swift; path = HeaderTableView.swift; sourceTree = "<group>"; };
		AAD5531B2785BEAF00F30A7F /* HeaderTableView.xib */ = {isa = PBXFileReference; lastKnownFileType = file.xib; path = HeaderTableView.xib; sourceTree = "<group>"; };
		AAD5531E2785C0FE00F30A7F /* HostViewCell.swift */ = {isa = PBXFileReference; lastKnownFileType = sourcecode.swift; path = HostViewCell.swift; sourceTree = "<group>"; };
		AAD5531F2785C0FE00F30A7F /* HostViewCell.xib */ = {isa = PBXFileReference; lastKnownFileType = file.xib; path = HostViewCell.xib; sourceTree = "<group>"; };
		BDDF978E4B322E1D53CB0947 /* Pods-Enigma.debug.xcconfig */ = {isa = PBXFileReference; includeInIndex = 1; lastKnownFileType = text.xcconfig; name = "Pods-Enigma.debug.xcconfig"; path = "Target Support Files/Pods-Enigma/Pods-Enigma.debug.xcconfig"; sourceTree = "<group>"; };
		E8512880E53F2CDFDD4CB5BA /* Pods_EnigmaTests.framework */ = {isa = PBXFileReference; explicitFileType = wrapper.framework; includeInIndex = 0; path = Pods_EnigmaTests.framework; sourceTree = BUILT_PRODUCTS_DIR; };
/* End PBXFileReference section */

/* Begin PBXFrameworksBuildPhase section */
		AAD552C12784629400F30A7F /* Frameworks */ = {
			isa = PBXFrameworksBuildPhase;
			buildActionMask = 2147483647;
			files = (
				CAA15BF371D6EA3EBFD8584B /* Pods_Enigma.framework in Frameworks */,
			);
			runOnlyForDeploymentPostprocessing = 0;
		};
		AAD552D72784629500F30A7F /* Frameworks */ = {
			isa = PBXFrameworksBuildPhase;
			buildActionMask = 2147483647;
			files = (
				4D489B1DD2AD477D6BA8DBFB /* Pods_EnigmaTests.framework in Frameworks */,
			);
			runOnlyForDeploymentPostprocessing = 0;
		};
/* End PBXFrameworksBuildPhase section */

/* Begin PBXGroup section */
		08F58642957109151FAF0EF3 /* Frameworks */ = {
			isa = PBXGroup;
			children = (
				666012C167E82C53304B004F /* Pods_Enigma.framework */,
				E8512880E53F2CDFDD4CB5BA /* Pods_EnigmaTests.framework */,
			);
			name = Frameworks;
			sourceTree = "<group>";
		};
		799C96B0278EC8A0002E5651 /* Background */ = {
			isa = PBXGroup;
			children = (
				799C96C6278ED65D002E5651 /* Container */,
				799C96C1278ECE00002E5651 /* Location */,
				799C96B5278ECB34002E5651 /* Audio */,
			);
			path = Background;
			sourceTree = "<group>";
		};
		799C96B5278ECB34002E5651 /* Audio */ = {
			isa = PBXGroup;
			children = (
				799C96B6278ECB60002E5651 /* AudioViewController.swift */,
				799C96B7278ECB60002E5651 /* AudioViewController.xib */,
			);
			path = Audio;
			sourceTree = "<group>";
		};
		799C96BA278ECC18002E5651 /* SupportingFiles */ = {
			isa = PBXGroup;
			children = (
				799C96BB278ECC18002E5651 /* FeelinGood.mp3 */,
			);
			path = SupportingFiles;
			sourceTree = "<group>";
		};
		799C96C1278ECE00002E5651 /* Location */ = {
			isa = PBXGroup;
			children = (
				799C96C2278ECE27002E5651 /* LocationViewController.swift */,
				799C96C3278ECE27002E5651 /* LocationViewController.xib */,
			);
			path = Location;
			sourceTree = "<group>";
		};
		799C96C6278ED65D002E5651 /* Container */ = {
			isa = PBXGroup;
			children = (
				799C96B1278EC8C1002E5651 /* Background.storyboard */,
				799C96B3278EC9A1002E5651 /* BackgroundViewController.swift */,
			);
			path = Container;
			sourceTree = "<group>";
		};
		AA42BD162788604F003056A2 /* BaseCollection */ = {
			isa = PBXGroup;
			children = (
				AA42BD1727886087003056A2 /* BaseCollectionViewCell.swift */,
				AA42BD1827886087003056A2 /* BaseCollectionViewCell.xib */,
			);
			path = BaseCollection;
			sourceTree = "<group>";
		};
		AA42BD1B2788625B003056A2 /* ContentCollection */ = {
			isa = PBXGroup;
			children = (
				AA42BD1C27886283003056A2 /* ContentCollectionViewCell.swift */,
				AA42BD1D27886283003056A2 /* ContentCollectionViewCell.xib */,
			);
			path = ContentCollection;
			sourceTree = "<group>";
		};
		AA42BD20278864F5003056A2 /* TrendingCollection */ = {
			isa = PBXGroup;
			children = (
				AA42BD2127886517003056A2 /* TrendingCollectionViewCell.swift */,
				AA42BD2227886517003056A2 /* TrendingCollectionViewCell.xib */,
			);
			path = TrendingCollection;
			sourceTree = "<group>";
		};
		AA42BD2527886C02003056A2 /* Container */ = {
			isa = PBXGroup;
			children = (
				AAD552FF278475CC00F30A7F /* HostContainerViewController.swift */,
				AA42BD2627886C1B003056A2 /* Host.storyboard */,
			);
			path = Container;
			sourceTree = "<group>";
		};
		AA42BD2827886CBD003056A2 /* Container */ = {
			isa = PBXGroup;
			children = (
				AAD553092784793100F30A7F /* SaveContainerViewController.swift */,
			);
			path = Container;
			sourceTree = "<group>";
		};
		AA42BD29278C52F9003056A2 /* Helper */ = {
			isa = PBXGroup;
			children = (
				AA42BD2A278C5398003056A2 /* UserDefaultsHelper.swift */,
			);
			path = Helper;
			sourceTree = "<group>";
		};
		AA42BD2C278C5701003056A2 /* Model */ = {
			isa = PBXGroup;
			children = (
				AA42BD2D278C570C003056A2 /* Login.swift */,
			);
			path = Model;
			sourceTree = "<group>";
		};
		AA8497D327870D9800BA8A7F /* View */ = {
			isa = PBXGroup;
			children = (
				AA8497D427870DE800BA8A7F /* RoundedImageView.swift */,
				AA8497D6278711AF00BA8A7F /* CardView.swift */,
			);
			path = View;
			sourceTree = "<group>";
		};
		AA8497D8278711F000BA8A7F /* Login */ = {
			isa = PBXGroup;
			children = (
				AA8497D92787120400BA8A7F /* LoginViewController.swift */,
				AA8497DA2787120400BA8A7F /* LoginViewController.xib */,
			);
			path = Login;
			sourceTree = "<group>";
		};
		AA8497DD27871B4A00BA8A7F /* Extension */ = {
			isa = PBXGroup;
			children = (
				AA8497DE27871B6100BA8A7F /* Navigation+Extension.swift */,
			);
			path = Extension;
			sourceTree = "<group>";
		};
		AA92C894278FDFBC00C6090E /* CoreData */ = {
			isa = PBXGroup;
			children = (
				AA92C895278FDFC900C6090E /* Container */,
			);
			path = CoreData;
			sourceTree = "<group>";
		};
		AA92C895278FDFC900C6090E /* Container */ = {
			isa = PBXGroup;
			children = (
				AA92C896278FDFEA00C6090E /* ListData.storyboard */,
				AA92C898278FE00400C6090E /* ListDataViewController.swift */,
			);
			path = Container;
			sourceTree = "<group>";
		};
		AAD552BB2784629400F30A7F = {
			isa = PBXGroup;
			children = (
				AAD552C62784629400F30A7F /* Enigma */,
				AAD552DD2784629500F30A7F /* EnigmaTests */,
				AAD552C52784629400F30A7F /* Products */,
				BEED20C10AAADA7DE00B8FF7 /* Pods */,
				08F58642957109151FAF0EF3 /* Frameworks */,
			);
			sourceTree = "<group>";
		};
		AAD552C52784629400F30A7F /* Products */ = {
			isa = PBXGroup;
			children = (
				AAD552C42784629400F30A7F /* Enigma.app */,
				AAD552DA2784629500F30A7F /* EnigmaTests.xctest */,
			);
			name = Products;
			sourceTree = "<group>";
		};
		AAD552C62784629400F30A7F /* Enigma */ = {
			isa = PBXGroup;
			children = (
				AA92C894278FDFBC00C6090E /* CoreData */,
				799C96BA278ECC18002E5651 /* SupportingFiles */,
				799C96B0278EC8A0002E5651 /* Background */,
				AA42BD2C278C5701003056A2 /* Model */,
				AA42BD29278C52F9003056A2 /* Helper */,
				AA8497DD27871B4A00BA8A7F /* Extension */,
				AA8497D8278711F000BA8A7F /* Login */,
				AA8497D327870D9800BA8A7F /* View */,
				AAD5531127847CF000F30A7F /* Info */,
				AAD55310278479E700F30A7F /* Main */,
				AAD5530B2784794E00F30A7F /* Save */,
				AAD553042784774200F30A7F /* Host */,
				AAD553012784763500F30A7F /* Home */,
				AAD552CB2784629400F30A7F /* ViewController.swift */,
				AAD552D02784629500F30A7F /* Assets.xcassets */,
				AAD552D22784629500F30A7F /* LaunchScreen.storyboard */,

				AA92C89A278FFFCA00C6090E /* Enigma.xcdatamodeld */,
			);
			path = Enigma;
			sourceTree = "<group>";
		};
		AAD552DD2784629500F30A7F /* EnigmaTests */ = {
			isa = PBXGroup;
			children = (
				AAD552DE2784629500F30A7F /* EnigmaTests.swift */,
			);
			path = EnigmaTests;
			sourceTree = "<group>";
		};
		AAD552FA27846CF800F30A7F /* Home */ = {
			isa = PBXGroup;
			children = (
				AAD552FB27846D2100F30A7F /* HomeViewCell.swift */,
				AAD552FC27846D2100F30A7F /* HomeViewCell.xib */,
			);
			path = Home;
			sourceTree = "<group>";
		};
		AAD553012784763500F30A7F /* Home */ = {
			isa = PBXGroup;
			children = (
				AAD553182785BE4E00F30A7F /* Header */,
				AAD553172785BD1000F30A7F /* Container */,
				AAD553122785BCAF00F30A7F /* News */,
				AAD552FA27846CF800F30A7F /* Home */,
			);
			path = Home;
			sourceTree = "<group>";
		};
		AAD553042784774200F30A7F /* Host */ = {
			isa = PBXGroup;
			children = (
				AA42BD2527886C02003056A2 /* Container */,
				AAD5531D2785C0DB00F30A7F /* Xib */,
				AAD553052784775C00F30A7F /* HostViewController.swift */,
				AAD553062784775C00F30A7F /* HostViewController.xib */,
			);
			path = Host;
			sourceTree = "<group>";
		};
		AAD5530B2784794E00F30A7F /* Save */ = {
			isa = PBXGroup;
			children = (
				AA42BD2827886CBD003056A2 /* Container */,
				AA42BD20278864F5003056A2 /* TrendingCollection */,
				AA42BD1B2788625B003056A2 /* ContentCollection */,
				AA42BD162788604F003056A2 /* BaseCollection */,
				AAD5530C2784795E00F30A7F /* SaveViewController.swift */,
				AAD5530D2784795E00F30A7F /* SaveViewController.xib */,
			);
			path = Save;
			sourceTree = "<group>";
		};
		AAD55310278479E700F30A7F /* Main */ = {
			isa = PBXGroup;
			children = (
				AAD552CD2784629400F30A7F /* Main.storyboard */,
			);
			path = Main;
			sourceTree = "<group>";
		};
		AAD5531127847CF000F30A7F /* Info */ = {
			isa = PBXGroup;
			children = (
				AAD552C92784629400F30A7F /* SceneDelegate.swift */,
				AAD552C72784629400F30A7F /* AppDelegate.swift */,
				AAD552D52784629500F30A7F /* Info.plist */,
			);
			path = Info;
			sourceTree = "<group>";
		};
		AAD553122785BCAF00F30A7F /* News */ = {
			isa = PBXGroup;
			children = (
				AAD553132785BCCF00F30A7F /* NewsViewCell.swift */,
				AAD553142785BCCF00F30A7F /* NewsViewCell.xib */,
			);
			path = News;
			sourceTree = "<group>";
		};
		AAD553172785BD1000F30A7F /* Container */ = {
			isa = PBXGroup;
			children = (
				AAD553022784764100F30A7F /* Home.storyboard */,
				AAD552F827846AAB00F30A7F /* HomeContainerViewController.swift */,
			);
			path = Container;
			sourceTree = "<group>";
		};
		AAD553182785BE4E00F30A7F /* Header */ = {
			isa = PBXGroup;
			children = (
				AAD553192785BE9A00F30A7F /* HeaderTableView.swift */,
				AAD5531B2785BEAF00F30A7F /* HeaderTableView.xib */,
			);
			path = Header;
			sourceTree = "<group>";
		};
		AAD5531D2785C0DB00F30A7F /* Xib */ = {
			isa = PBXGroup;
			children = (
				AAD5531E2785C0FE00F30A7F /* HostViewCell.swift */,
				AAD5531F2785C0FE00F30A7F /* HostViewCell.xib */,
			);
			path = Xib;
			sourceTree = "<group>";
		};
		BEED20C10AAADA7DE00B8FF7 /* Pods */ = {
			isa = PBXGroup;
			children = (
				BDDF978E4B322E1D53CB0947 /* Pods-Enigma.debug.xcconfig */,
				0E59401AF836F3C1C702BEA8 /* Pods-Enigma.release.xcconfig */,
				8A993F07F1EB83620CAA2257 /* Pods-EnigmaTests.debug.xcconfig */,
				58007755D0599A78FAFC186A /* Pods-EnigmaTests.release.xcconfig */,
			);
			path = Pods;
			sourceTree = "<group>";
		};
/* End PBXGroup section */

/* Begin PBXNativeTarget section */
		AAD552C32784629400F30A7F /* Enigma */ = {
			isa = PBXNativeTarget;
			buildConfigurationList = AAD552EE2784629500F30A7F /* Build configuration list for PBXNativeTarget "Enigma" */;
			buildPhases = (
				4AC8DB16F7A30FAFFCE01909 /* [CP] Check Pods Manifest.lock */,
				AAD552C02784629400F30A7F /* Sources */,
				AAD552C12784629400F30A7F /* Frameworks */,
				AAD552C22784629400F30A7F /* Resources */,
				CF26C5B2D11577DD7FED9493 /* [CP] Embed Pods Frameworks */,
			);
			buildRules = (
			);
			dependencies = (
			);
			name = Enigma;
			productName = Enigma;
			productReference = AAD552C42784629400F30A7F /* Enigma.app */;
			productType = "com.apple.product-type.application";
		};
		AAD552D92784629500F30A7F /* EnigmaTests */ = {
			isa = PBXNativeTarget;
			buildConfigurationList = AAD552F12784629500F30A7F /* Build configuration list for PBXNativeTarget "EnigmaTests" */;
			buildPhases = (
				44A65772938581CC145FB6BE /* [CP] Check Pods Manifest.lock */,
				AAD552D62784629500F30A7F /* Sources */,
				AAD552D72784629500F30A7F /* Frameworks */,
				AAD552D82784629500F30A7F /* Resources */,
			);
			buildRules = (
			);
			dependencies = (
				AAD552DC2784629500F30A7F /* PBXTargetDependency */,
			);
			name = EnigmaTests;
			productName = EnigmaTests;
			productReference = AAD552DA2784629500F30A7F /* EnigmaTests.xctest */;
			productType = "com.apple.product-type.bundle.unit-test";
		};
/* End PBXNativeTarget section */

/* Begin PBXProject section */
		AAD552BC2784629400F30A7F /* Project object */ = {
			isa = PBXProject;
			attributes = {
				BuildIndependentTargetsInParallel = 1;
				LastSwiftUpdateCheck = 1320;
				LastUpgradeCheck = 1320;
				TargetAttributes = {
					AAD552C32784629400F30A7F = {
						CreatedOnToolsVersion = 13.2.1;
					};
					AAD552D92784629500F30A7F = {
						CreatedOnToolsVersion = 13.2.1;
						TestTargetID = AAD552C32784629400F30A7F;
					};
				};
			};
			buildConfigurationList = AAD552BF2784629400F30A7F /* Build configuration list for PBXProject "Enigma" */;
			compatibilityVersion = "Xcode 13.0";
			developmentRegion = en;
			hasScannedForEncodings = 0;
			knownRegions = (
				en,
				Base,
			);
			mainGroup = AAD552BB2784629400F30A7F;
			productRefGroup = AAD552C52784629400F30A7F /* Products */;
			projectDirPath = "";
			projectRoot = "";
			targets = (
				AAD552C32784629400F30A7F /* Enigma */,
				AAD552D92784629500F30A7F /* EnigmaTests */,
			);
		};
/* End PBXProject section */

/* Begin PBXResourcesBuildPhase section */
		AAD552C22784629400F30A7F /* Resources */ = {
			isa = PBXResourcesBuildPhase;
			buildActionMask = 2147483647;
			files = (
				AA92C897278FDFEA00C6090E /* ListData.storyboard in Resources */,
				799C96B9278ECB60002E5651 /* AudioViewController.xib in Resources */,
				AAD5530F2784795E00F30A7F /* SaveViewController.xib in Resources */,
				799C96BE278ECC18002E5651 /* FeelinGood.mp3 in Resources */,
				AA42BD1A27886087003056A2 /* BaseCollectionViewCell.xib in Resources */,
				AAD553162785BCCF00F30A7F /* NewsViewCell.xib in Resources */,
				AA8497DC2787120400BA8A7F /* LoginViewController.xib in Resources */,
				AA42BD1F27886283003056A2 /* ContentCollectionViewCell.xib in Resources */,
				AAD552D42784629500F30A7F /* LaunchScreen.storyboard in Resources */,
				AAD553032784764100F30A7F /* Home.storyboard in Resources */,
				AAD553212785C0FE00F30A7F /* HostViewCell.xib in Resources */,
				AAD552FE27846D2100F30A7F /* HomeViewCell.xib in Resources */,
				AA42BD2427886517003056A2 /* TrendingCollectionViewCell.xib in Resources */,
				799C96C5278ECE27002E5651 /* LocationViewController.xib in Resources */,
				AAD552D12784629500F30A7F /* Assets.xcassets in Resources */,
				AAD553082784775C00F30A7F /* HostViewController.xib in Resources */,
				799C96B2278EC8C1002E5651 /* Background.storyboard in Resources */,
				AAD5531C2785BEAF00F30A7F /* HeaderTableView.xib in Resources */,
				AA42BD2727886C1B003056A2 /* Host.storyboard in Resources */,
				AAD552CF2784629400F30A7F /* Main.storyboard in Resources */,
			);
			runOnlyForDeploymentPostprocessing = 0;
		};
		AAD552D82784629500F30A7F /* Resources */ = {
			isa = PBXResourcesBuildPhase;
			buildActionMask = 2147483647;
			files = (
			);
			runOnlyForDeploymentPostprocessing = 0;
		};
/* End PBXResourcesBuildPhase section */

/* Begin PBXShellScriptBuildPhase section */
		44A65772938581CC145FB6BE /* [CP] Check Pods Manifest.lock */ = {
			isa = PBXShellScriptBuildPhase;
			buildActionMask = 2147483647;
			files = (
			);
			inputFileListPaths = (
			);
			inputPaths = (
				"${PODS_PODFILE_DIR_PATH}/Podfile.lock",
				"${PODS_ROOT}/Manifest.lock",
			);
			name = "[CP] Check Pods Manifest.lock";
			outputFileListPaths = (
			);
			outputPaths = (
				"$(DERIVED_FILE_DIR)/Pods-EnigmaTests-checkManifestLockResult.txt",
			);
			runOnlyForDeploymentPostprocessing = 0;
			shellPath = /bin/sh;
			shellScript = "diff \"${PODS_PODFILE_DIR_PATH}/Podfile.lock\" \"${PODS_ROOT}/Manifest.lock\" > /dev/null\nif [ $? != 0 ] ; then\n    # print error to STDERR\n    echo \"error: The sandbox is not in sync with the Podfile.lock. Run 'pod install' or update your CocoaPods installation.\" >&2\n    exit 1\nfi\n# This output is used by Xcode 'outputs' to avoid re-running this script phase.\necho \"SUCCESS\" > \"${SCRIPT_OUTPUT_FILE_0}\"\n";
			showEnvVarsInLog = 0;
		};
		4AC8DB16F7A30FAFFCE01909 /* [CP] Check Pods Manifest.lock */ = {
			isa = PBXShellScriptBuildPhase;
			buildActionMask = 2147483647;
			files = (
			);
			inputFileListPaths = (
			);
			inputPaths = (
				"${PODS_PODFILE_DIR_PATH}/Podfile.lock",
				"${PODS_ROOT}/Manifest.lock",
			);
			name = "[CP] Check Pods Manifest.lock";
			outputFileListPaths = (
			);
			outputPaths = (
				"$(DERIVED_FILE_DIR)/Pods-Enigma-checkManifestLockResult.txt",
			);
			runOnlyForDeploymentPostprocessing = 0;
			shellPath = /bin/sh;
			shellScript = "diff \"${PODS_PODFILE_DIR_PATH}/Podfile.lock\" \"${PODS_ROOT}/Manifest.lock\" > /dev/null\nif [ $? != 0 ] ; then\n    # print error to STDERR\n    echo \"error: The sandbox is not in sync with the Podfile.lock. Run 'pod install' or update your CocoaPods installation.\" >&2\n    exit 1\nfi\n# This output is used by Xcode 'outputs' to avoid re-running this script phase.\necho \"SUCCESS\" > \"${SCRIPT_OUTPUT_FILE_0}\"\n";
			showEnvVarsInLog = 0;
		};
		CF26C5B2D11577DD7FED9493 /* [CP] Embed Pods Frameworks */ = {
			isa = PBXShellScriptBuildPhase;
			buildActionMask = 2147483647;
			files = (
			);
			inputFileListPaths = (
				"${PODS_ROOT}/Target Support Files/Pods-Enigma/Pods-Enigma-frameworks-${CONFIGURATION}-input-files.xcfilelist",
			);
			name = "[CP] Embed Pods Frameworks";
			outputFileListPaths = (
				"${PODS_ROOT}/Target Support Files/Pods-Enigma/Pods-Enigma-frameworks-${CONFIGURATION}-output-files.xcfilelist",
			);
			runOnlyForDeploymentPostprocessing = 0;
			shellPath = /bin/sh;
			shellScript = "\"${PODS_ROOT}/Target Support Files/Pods-Enigma/Pods-Enigma-frameworks.sh\"\n";
			showEnvVarsInLog = 0;
		};
/* End PBXShellScriptBuildPhase section */

/* Begin PBXSourcesBuildPhase section */
		AAD552C02784629400F30A7F /* Sources */ = {
			isa = PBXSourcesBuildPhase;
			buildActionMask = 2147483647;
			files = (
				AA42BD2E278C570C003056A2 /* Login.swift in Sources */,
				AA8497D7278711AF00BA8A7F /* CardView.swift in Sources */,
				AAD55300278475CC00F30A7F /* HostContainerViewController.swift in Sources */,
				AAD552CC2784629400F30A7F /* ViewController.swift in Sources */,
				AA8497DB2787120400BA8A7F /* LoginViewController.swift in Sources */,
				AAD553202785C0FE00F30A7F /* HostViewCell.swift in Sources */,
				AAD553072784775C00F30A7F /* HostViewController.swift in Sources */,
				AAD552F927846AAB00F30A7F /* HomeContainerViewController.swift in Sources */,
				799C96B4278EC9A1002E5651 /* BackgroundViewController.swift in Sources */,
				AA42BD2327886517003056A2 /* TrendingCollectionViewCell.swift in Sources */,
				AA42BD1927886087003056A2 /* BaseCollectionViewCell.swift in Sources */,
				AA42BD1E27886283003056A2 /* ContentCollectionViewCell.swift in Sources */,
				AA05DB2927904A28001CEA4A /* Enigma.xcdatamodeld in Sources */,
				AA42BD2B278C5398003056A2 /* UserDefaultsHelper.swift in Sources */,
				AAD5530E2784795E00F30A7F /* SaveViewController.swift in Sources */,
				AAD552FD27846D2100F30A7F /* HomeViewCell.swift in Sources */,
				799C96C4278ECE27002E5651 /* LocationViewController.swift in Sources */,
				AAD552C82784629400F30A7F /* AppDelegate.swift in Sources */,
				AAD5531A2785BE9A00F30A7F /* HeaderTableView.swift in Sources */,
				AAD553152785BCCF00F30A7F /* NewsViewCell.swift in Sources */,
				799C96B8278ECB60002E5651 /* AudioViewController.swift in Sources */,
				AA8497D527870DE800BA8A7F /* RoundedImageView.swift in Sources */,
				AA8497DF27871B6100BA8A7F /* Navigation+Extension.swift in Sources */,
				AAD552CA2784629400F30A7F /* SceneDelegate.swift in Sources */,
				AAD5530A2784793100F30A7F /* SaveContainerViewController.swift in Sources */,
				AA92C89C278FFFCB00C6090E /* Enigma.xcdatamodeld in Sources */,
				AA92C899278FE00400C6090E /* ListDataViewController.swift in Sources */,
			);
			runOnlyForDeploymentPostprocessing = 0;
		};
		AAD552D62784629500F30A7F /* Sources */ = {
			isa = PBXSourcesBuildPhase;
			buildActionMask = 2147483647;
			files = (
				AAD552DF2784629500F30A7F /* EnigmaTests.swift in Sources */,
			);
			runOnlyForDeploymentPostprocessing = 0;
		};
/* End PBXSourcesBuildPhase section */

/* Begin PBXTargetDependency section */
		AAD552DC2784629500F30A7F /* PBXTargetDependency */ = {
			isa = PBXTargetDependency;
			target = AAD552C32784629400F30A7F /* Enigma */;
			targetProxy = AAD552DB2784629500F30A7F /* PBXContainerItemProxy */;
		};
/* End PBXTargetDependency section */

/* Begin PBXVariantGroup section */
		AAD552CD2784629400F30A7F /* Main.storyboard */ = {
			isa = PBXVariantGroup;
			children = (
				AAD552CE2784629400F30A7F /* Base */,
			);
			name = Main.storyboard;
			sourceTree = "<group>";
		};
		AAD552D22784629500F30A7F /* LaunchScreen.storyboard */ = {
			isa = PBXVariantGroup;
			children = (
				AAD552D32784629500F30A7F /* Base */,
			);
			name = LaunchScreen.storyboard;
			sourceTree = "<group>";
		};
/* End PBXVariantGroup section */

/* Begin XCBuildConfiguration section */
		AAD552EC2784629500F30A7F /* Debug */ = {
			isa = XCBuildConfiguration;
			buildSettings = {
				ALWAYS_SEARCH_USER_PATHS = NO;
				CLANG_ANALYZER_NONNULL = YES;
				CLANG_ANALYZER_NUMBER_OBJECT_CONVERSION = YES_AGGRESSIVE;
				CLANG_CXX_LANGUAGE_STANDARD = "gnu++17";
				CLANG_CXX_LIBRARY = "libc++";
				CLANG_ENABLE_MODULES = YES;
				CLANG_ENABLE_OBJC_ARC = YES;
				CLANG_ENABLE_OBJC_WEAK = YES;
				CLANG_WARN_BLOCK_CAPTURE_AUTORELEASING = YES;
				CLANG_WARN_BOOL_CONVERSION = YES;
				CLANG_WARN_COMMA = YES;
				CLANG_WARN_CONSTANT_CONVERSION = YES;
				CLANG_WARN_DEPRECATED_OBJC_IMPLEMENTATIONS = YES;
				CLANG_WARN_DIRECT_OBJC_ISA_USAGE = YES_ERROR;
				CLANG_WARN_DOCUMENTATION_COMMENTS = YES;
				CLANG_WARN_EMPTY_BODY = YES;
				CLANG_WARN_ENUM_CONVERSION = YES;
				CLANG_WARN_INFINITE_RECURSION = YES;
				CLANG_WARN_INT_CONVERSION = YES;
				CLANG_WARN_NON_LITERAL_NULL_CONVERSION = YES;
				CLANG_WARN_OBJC_IMPLICIT_RETAIN_SELF = YES;
				CLANG_WARN_OBJC_LITERAL_CONVERSION = YES;
				CLANG_WARN_OBJC_ROOT_CLASS = YES_ERROR;
				CLANG_WARN_QUOTED_INCLUDE_IN_FRAMEWORK_HEADER = YES;
				CLANG_WARN_RANGE_LOOP_ANALYSIS = YES;
				CLANG_WARN_STRICT_PROTOTYPES = YES;
				CLANG_WARN_SUSPICIOUS_MOVE = YES;
				CLANG_WARN_UNGUARDED_AVAILABILITY = YES_AGGRESSIVE;
				CLANG_WARN_UNREACHABLE_CODE = YES;
				CLANG_WARN__DUPLICATE_METHOD_MATCH = YES;
				COPY_PHASE_STRIP = NO;
				DEBUG_INFORMATION_FORMAT = dwarf;
				ENABLE_STRICT_OBJC_MSGSEND = YES;
				ENABLE_TESTABILITY = YES;
				GCC_C_LANGUAGE_STANDARD = gnu11;
				GCC_DYNAMIC_NO_PIC = NO;
				GCC_NO_COMMON_BLOCKS = YES;
				GCC_OPTIMIZATION_LEVEL = 0;
				GCC_PREPROCESSOR_DEFINITIONS = (
					"DEBUG=1",
					"$(inherited)",
				);
				GCC_WARN_64_TO_32_BIT_CONVERSION = YES;
				GCC_WARN_ABOUT_RETURN_TYPE = YES_ERROR;
				GCC_WARN_UNDECLARED_SELECTOR = YES;
				GCC_WARN_UNINITIALIZED_AUTOS = YES_AGGRESSIVE;
				GCC_WARN_UNUSED_FUNCTION = YES;
				GCC_WARN_UNUSED_VARIABLE = YES;
				IPHONEOS_DEPLOYMENT_TARGET = 15.2;
				MTL_ENABLE_DEBUG_INFO = INCLUDE_SOURCE;
				MTL_FAST_MATH = YES;
				ONLY_ACTIVE_ARCH = YES;
				SDKROOT = iphoneos;
				SWIFT_ACTIVE_COMPILATION_CONDITIONS = DEBUG;
				SWIFT_OPTIMIZATION_LEVEL = "-Onone";
			};
			name = Debug;
		};
		AAD552ED2784629500F30A7F /* Release */ = {
			isa = XCBuildConfiguration;
			buildSettings = {
				ALWAYS_SEARCH_USER_PATHS = NO;
				CLANG_ANALYZER_NONNULL = YES;
				CLANG_ANALYZER_NUMBER_OBJECT_CONVERSION = YES_AGGRESSIVE;
				CLANG_CXX_LANGUAGE_STANDARD = "gnu++17";
				CLANG_CXX_LIBRARY = "libc++";
				CLANG_ENABLE_MODULES = YES;
				CLANG_ENABLE_OBJC_ARC = YES;
				CLANG_ENABLE_OBJC_WEAK = YES;
				CLANG_WARN_BLOCK_CAPTURE_AUTORELEASING = YES;
				CLANG_WARN_BOOL_CONVERSION = YES;
				CLANG_WARN_COMMA = YES;
				CLANG_WARN_CONSTANT_CONVERSION = YES;
				CLANG_WARN_DEPRECATED_OBJC_IMPLEMENTATIONS = YES;
				CLANG_WARN_DIRECT_OBJC_ISA_USAGE = YES_ERROR;
				CLANG_WARN_DOCUMENTATION_COMMENTS = YES;
				CLANG_WARN_EMPTY_BODY = YES;
				CLANG_WARN_ENUM_CONVERSION = YES;
				CLANG_WARN_INFINITE_RECURSION = YES;
				CLANG_WARN_INT_CONVERSION = YES;
				CLANG_WARN_NON_LITERAL_NULL_CONVERSION = YES;
				CLANG_WARN_OBJC_IMPLICIT_RETAIN_SELF = YES;
				CLANG_WARN_OBJC_LITERAL_CONVERSION = YES;
				CLANG_WARN_OBJC_ROOT_CLASS = YES_ERROR;
				CLANG_WARN_QUOTED_INCLUDE_IN_FRAMEWORK_HEADER = YES;
				CLANG_WARN_RANGE_LOOP_ANALYSIS = YES;
				CLANG_WARN_STRICT_PROTOTYPES = YES;
				CLANG_WARN_SUSPICIOUS_MOVE = YES;
				CLANG_WARN_UNGUARDED_AVAILABILITY = YES_AGGRESSIVE;
				CLANG_WARN_UNREACHABLE_CODE = YES;
				CLANG_WARN__DUPLICATE_METHOD_MATCH = YES;
				COPY_PHASE_STRIP = NO;
				DEBUG_INFORMATION_FORMAT = "dwarf-with-dsym";
				ENABLE_NS_ASSERTIONS = NO;
				ENABLE_STRICT_OBJC_MSGSEND = YES;
				GCC_C_LANGUAGE_STANDARD = gnu11;
				GCC_NO_COMMON_BLOCKS = YES;
				GCC_WARN_64_TO_32_BIT_CONVERSION = YES;
				GCC_WARN_ABOUT_RETURN_TYPE = YES_ERROR;
				GCC_WARN_UNDECLARED_SELECTOR = YES;
				GCC_WARN_UNINITIALIZED_AUTOS = YES_AGGRESSIVE;
				GCC_WARN_UNUSED_FUNCTION = YES;
				GCC_WARN_UNUSED_VARIABLE = YES;
				IPHONEOS_DEPLOYMENT_TARGET = 15.2;
				MTL_ENABLE_DEBUG_INFO = NO;
				MTL_FAST_MATH = YES;
				SDKROOT = iphoneos;
				SWIFT_COMPILATION_MODE = wholemodule;
				SWIFT_OPTIMIZATION_LEVEL = "-O";
				VALIDATE_PRODUCT = YES;
			};
			name = Release;
		};
		AAD552EF2784629500F30A7F /* Debug */ = {
			isa = XCBuildConfiguration;
			baseConfigurationReference = BDDF978E4B322E1D53CB0947 /* Pods-Enigma.debug.xcconfig */;
			buildSettings = {
				ASSETCATALOG_COMPILER_APPICON_NAME = AppIcon;
				ASSETCATALOG_COMPILER_GLOBAL_ACCENT_COLOR_NAME = AccentColor;
				CODE_SIGN_STYLE = Automatic;
				CURRENT_PROJECT_VERSION = 1;
				DEVELOPMENT_TEAM = "";
				GENERATE_INFOPLIST_FILE = YES;
				INFOPLIST_FILE = Enigma/Info/Info.plist;
				INFOPLIST_KEY_NSLocationWhenInUseUsageDescription = WhenInUseUsag;
				INFOPLIST_KEY_UIApplicationSupportsIndirectInputEvents = YES;
				INFOPLIST_KEY_UILaunchStoryboardName = LaunchScreen;
				INFOPLIST_KEY_UIMainStoryboardFile = Main;
				INFOPLIST_KEY_UISupportedInterfaceOrientations_iPad = "UIInterfaceOrientationPortrait UIInterfaceOrientationPortraitUpsideDown UIInterfaceOrientationLandscapeLeft UIInterfaceOrientationLandscapeRight";
				INFOPLIST_KEY_UISupportedInterfaceOrientations_iPhone = "UIInterfaceOrientationPortrait UIInterfaceOrientationLandscapeLeft UIInterfaceOrientationLandscapeRight";
				IPHONEOS_DEPLOYMENT_TARGET = 15.0;
				LD_RUNPATH_SEARCH_PATHS = (
					"$(inherited)",
					"@executable_path/Frameworks",
				);
				MARKETING_VERSION = 1.0;
				PRODUCT_BUNDLE_IDENTIFIER = com.tommyputranto.Enigma;
				PRODUCT_NAME = "$(TARGET_NAME)";
				SWIFT_EMIT_LOC_STRINGS = YES;
				SWIFT_VERSION = 5.0;
				TARGETED_DEVICE_FAMILY = "1,2";
			};
			name = Debug;
		};
		AAD552F02784629500F30A7F /* Release */ = {
			isa = XCBuildConfiguration;
			baseConfigurationReference = 0E59401AF836F3C1C702BEA8 /* Pods-Enigma.release.xcconfig */;
			buildSettings = {
				ASSETCATALOG_COMPILER_APPICON_NAME = AppIcon;
				ASSETCATALOG_COMPILER_GLOBAL_ACCENT_COLOR_NAME = AccentColor;
				CODE_SIGN_STYLE = Automatic;
				CURRENT_PROJECT_VERSION = 1;
				DEVELOPMENT_TEAM = "";
				GENERATE_INFOPLIST_FILE = YES;
				INFOPLIST_FILE = Enigma/Info/Info.plist;
				INFOPLIST_KEY_NSLocationWhenInUseUsageDescription = WhenInUseUsag;
				INFOPLIST_KEY_UIApplicationSupportsIndirectInputEvents = YES;
				INFOPLIST_KEY_UILaunchStoryboardName = LaunchScreen;
				INFOPLIST_KEY_UIMainStoryboardFile = Main;
				INFOPLIST_KEY_UISupportedInterfaceOrientations_iPad = "UIInterfaceOrientationPortrait UIInterfaceOrientationPortraitUpsideDown UIInterfaceOrientationLandscapeLeft UIInterfaceOrientationLandscapeRight";
				INFOPLIST_KEY_UISupportedInterfaceOrientations_iPhone = "UIInterfaceOrientationPortrait UIInterfaceOrientationLandscapeLeft UIInterfaceOrientationLandscapeRight";
				IPHONEOS_DEPLOYMENT_TARGET = 15.0;
				LD_RUNPATH_SEARCH_PATHS = (
					"$(inherited)",
					"@executable_path/Frameworks",
				);
				MARKETING_VERSION = 1.0;
				PRODUCT_BUNDLE_IDENTIFIER = com.tommyputranto.Enigma;
				PRODUCT_NAME = "$(TARGET_NAME)";
				SWIFT_EMIT_LOC_STRINGS = YES;
				SWIFT_VERSION = 5.0;
				TARGETED_DEVICE_FAMILY = "1,2";
			};
			name = Release;
		};
		AAD552F22784629500F30A7F /* Debug */ = {
			isa = XCBuildConfiguration;
			baseConfigurationReference = 8A993F07F1EB83620CAA2257 /* Pods-EnigmaTests.debug.xcconfig */;
			buildSettings = {
				ALWAYS_EMBED_SWIFT_STANDARD_LIBRARIES = YES;
				BUNDLE_LOADER = "$(TEST_HOST)";
				CODE_SIGN_STYLE = Automatic;
				CURRENT_PROJECT_VERSION = 1;
				GENERATE_INFOPLIST_FILE = YES;
				IPHONEOS_DEPLOYMENT_TARGET = 15.2;
				MARKETING_VERSION = 1.0;
				PRODUCT_BUNDLE_IDENTIFIER = com.tommyputranto.EnigmaTests;
				PRODUCT_NAME = "$(TARGET_NAME)";
				SWIFT_EMIT_LOC_STRINGS = NO;
				SWIFT_VERSION = 5.0;
				TARGETED_DEVICE_FAMILY = "1,2";
				TEST_HOST = "$(BUILT_PRODUCTS_DIR)/Enigma.app/Enigma";
			};
			name = Debug;
		};
		AAD552F32784629500F30A7F /* Release */ = {
			isa = XCBuildConfiguration;
			baseConfigurationReference = 58007755D0599A78FAFC186A /* Pods-EnigmaTests.release.xcconfig */;
			buildSettings = {
				ALWAYS_EMBED_SWIFT_STANDARD_LIBRARIES = YES;
				BUNDLE_LOADER = "$(TEST_HOST)";
				CODE_SIGN_STYLE = Automatic;
				CURRENT_PROJECT_VERSION = 1;
				GENERATE_INFOPLIST_FILE = YES;
				IPHONEOS_DEPLOYMENT_TARGET = 15.2;
				MARKETING_VERSION = 1.0;
				PRODUCT_BUNDLE_IDENTIFIER = com.tommyputranto.EnigmaTests;
				PRODUCT_NAME = "$(TARGET_NAME)";
				SWIFT_EMIT_LOC_STRINGS = NO;
				SWIFT_VERSION = 5.0;
				TARGETED_DEVICE_FAMILY = "1,2";
				TEST_HOST = "$(BUILT_PRODUCTS_DIR)/Enigma.app/Enigma";
			};
			name = Release;
		};
/* End XCBuildConfiguration section */

/* Begin XCConfigurationList section */
		AAD552BF2784629400F30A7F /* Build configuration list for PBXProject "Enigma" */ = {
			isa = XCConfigurationList;
			buildConfigurations = (
				AAD552EC2784629500F30A7F /* Debug */,
				AAD552ED2784629500F30A7F /* Release */,
			);
			defaultConfigurationIsVisible = 0;
			defaultConfigurationName = Release;
		};
		AAD552EE2784629500F30A7F /* Build configuration list for PBXNativeTarget "Enigma" */ = {
			isa = XCConfigurationList;
			buildConfigurations = (
				AAD552EF2784629500F30A7F /* Debug */,
				AAD552F02784629500F30A7F /* Release */,
			);
			defaultConfigurationIsVisible = 0;
			defaultConfigurationName = Release;
		};
		AAD552F12784629500F30A7F /* Build configuration list for PBXNativeTarget "EnigmaTests" */ = {
			isa = XCConfigurationList;
			buildConfigurations = (
				AAD552F22784629500F30A7F /* Debug */,
				AAD552F32784629500F30A7F /* Release */,
			);
			defaultConfigurationIsVisible = 0;
			defaultConfigurationName = Release;
		};
/* End XCConfigurationList section */

/* Begin XCVersionGroup section */

		AA92C89A278FFFCA00C6090E /* Enigma.xcdatamodeld */ = {
			isa = XCVersionGroup;
			children = (
				AA92C89B278FFFCB00C6090E /* Enigma.xcdatamodel */,
			);
			currentVersion = AA92C89B278FFFCB00C6090E /* Enigma.xcdatamodel */;
			path = Enigma.xcdatamodeld;
			sourceTree = "<group>";
			versionGroupType = wrapper.xcdatamodel;
		};
/* End XCVersionGroup section */
	};
	rootObject = AAD552BC2784629400F30A7F /* Project object */;
}
